<Solution>
  <Folder Name="/Tests/">
    <Project Path="tests/Tailbook.Api.Tests/Tailbook.Api.Tests.csproj"/>
    <Project Path="tests/Tailbook.Architecture.Tests/Tailbook.Architecture.Tests.csproj"/>
    <Project Path="tests/Tailbook.BuildingBlocks.Tests/Tailbook.BuildingBlocks.Tests.csproj"/>
    <Project Path="tests/Tailbook.Performance.Tests/Tailbook.Performance.Tests.csproj"/>
    <Project Path="tests/Tailbook.Tests.Infrastructure/Tailbook.Tests.Infrastructure.csproj"/>
    <Project Path="tests/Tailbook.Modules.Identity.Tests/Tailbook.Modules.Identity.Tests.csproj"/>
    <Project Path="tests/Tailbook.Modules.Audit.Tests/Tailbook.Modules.Audit.Tests.csproj"/>
    <Project Path="tests/Tailbook.Modules.Booking.Tests/Tailbook.Modules.Booking.Tests.csproj"/>
    <Project Path="tests/Tailbook.Modules.VisitOperations.Tests/Tailbook.Modules.VisitOperations.Tests.csproj"/>
    <Project Path="tests/Tailbook.Modules.Catalog.Tests/Tailbook.Modules.Catalog.Tests.csproj"/>
    <Project Path="tests/Tailbook.Modules.Notifications.Tests/Tailbook.Modules.Notifications.Tests.csproj"/>
    <Project Path="tests/Tailbook.Modules.Customer.Tests/Tailbook.Modules.Customer.Tests.csproj"/>
    <Project Path="tests/Tailbook.Modules.Pets.Tests/Tailbook.Modules.Pets.Tests.csproj"/>
    <Project Path="tests/Tailbook.Modules.Staff.Tests/Tailbook.Modules.Staff.Tests.csproj"/>
    <Project Path="tests/Tailbook.Modules.Reporting.Tests/Tailbook.Modules.Reporting.Tests.csproj"/>
  </Folder>
  <Project Path="src/Tailbook.Api.Host/Tailbook.Api.Host.csproj"/>
  <Project Path="src/Tailbook.BuildingBlocks/Tailbook.BuildingBlocks.csproj"/>
  <Project Path="src/Tailbook.SharedKernel/Tailbook.SharedKernel.csproj"/>
  <Folder Name="/Modules/">
    <Project Path="src/Modules/Identity/Domain/Tailbook.Modules.Identity.Domain.csproj"/>
    <Project Path="src/Modules/Identity/Application/Tailbook.Modules.Identity.Application.csproj"/>
    <Project Path="src/Modules/Identity/Infrastructure/Tailbook.Modules.Identity.Infrastructure.csproj"/>
    <Project Path="src/Modules/Identity/IntegrationEvents/Tailbook.Modules.Identity.IntegrationEvents.csproj"/>
    <Project Path="src/Modules/Identity/Api.Contracts/Tailbook.Modules.Identity.Api.Contracts.csproj"/>
    <Project Path="src/Modules/Identity/Api/Tailbook.Modules.Identity.Api.csproj"/>
    <Project Path="src/Modules/Customer/Domain/Tailbook.Modules.Customer.Domain.csproj"/>
    <Project Path="src/Modules/Customer/Application/Tailbook.Modules.Customer.Application.csproj"/>
    <Project Path="src/Modules/Customer/Infrastructure/Tailbook.Modules.Customer.Infrastructure.csproj"/>
    <Project Path="src/Modules/Customer/IntegrationEvents/Tailbook.Modules.Customer.IntegrationEvents.csproj"/>
    <Project Path="src/Modules/Customer/Api.Contracts/Tailbook.Modules.Customer.Api.Contracts.csproj"/>
    <Project Path="src/Modules/Customer/Api/Tailbook.Modules.Customer.Api.csproj"/>
    <Project Path="src/Modules/Pets/Domain/Tailbook.Modules.Pets.Domain.csproj"/>
    <Project Path="src/Modules/Pets/Application/Tailbook.Modules.Pets.Application.csproj"/>
    <Project Path="src/Modules/Pets/Infrastructure/Tailbook.Modules.Pets.Infrastructure.csproj"/>
    <Project Path="src/Modules/Pets/IntegrationEvents/Tailbook.Modules.Pets.IntegrationEvents.csproj"/>
    <Project Path="src/Modules/Pets/Api.Contracts/Tailbook.Modules.Pets.Api.Contracts.csproj"/>
    <Project Path="src/Modules/Pets/Api/Tailbook.Modules.Pets.Api.csproj"/>
    <Project Path="src/Modules/Catalog/Domain/Tailbook.Modules.Catalog.Domain.csproj"/>
    <Project Path="src/Modules/Catalog/Application/Tailbook.Modules.Catalog.Application.csproj"/>
    <Project Path="src/Modules/Catalog/Infrastructure/Tailbook.Modules.Catalog.Infrastructure.csproj"/>
    <Project Path="src/Modules/Catalog/IntegrationEvents/Tailbook.Modules.Catalog.IntegrationEvents.csproj"/>
    <Project Path="src/Modules/Catalog/Api.Contracts/Tailbook.Modules.Catalog.Api.Contracts.csproj"/>
    <Project Path="src/Modules/Catalog/Api/Tailbook.Modules.Catalog.Api.csproj"/>
    <Project Path="src/Modules/Booking/Domain/Tailbook.Modules.Booking.Domain.csproj"/>
    <Project Path="src/Modules/Booking/Application/Tailbook.Modules.Booking.Application.csproj"/>
    <Project Path="src/Modules/Booking/Infrastructure/Tailbook.Modules.Booking.Infrastructure.csproj"/>
    <Project Path="src/Modules/Booking/IntegrationEvents/Tailbook.Modules.Booking.IntegrationEvents.csproj"/>
    <Project Path="src/Modules/Booking/Api.Contracts/Tailbook.Modules.Booking.Api.Contracts.csproj"/>
    <Project Path="src/Modules/Booking/Api/Tailbook.Modules.Booking.Api.csproj"/>
    <Project Path="src/Modules/VisitOperations/Domain/Tailbook.Modules.VisitOperations.Domain.csproj"/>
    <Project Path="src/Modules/VisitOperations/Application/Tailbook.Modules.VisitOperations.Application.csproj"/>
    <Project Path="src/Modules/VisitOperations/Infrastructure/Tailbook.Modules.VisitOperations.Infrastructure.csproj"/>
    <Project Path="src/Modules/VisitOperations/IntegrationEvents/Tailbook.Modules.VisitOperations.IntegrationEvents.csproj"/>
    <Project Path="src/Modules/VisitOperations/Api.Contracts/Tailbook.Modules.VisitOperations.Api.Contracts.csproj"/>
    <Project Path="src/Modules/VisitOperations/Api/Tailbook.Modules.VisitOperations.Api.csproj"/>
    <Project Path="src/Modules/Staff/Domain/Tailbook.Modules.Staff.Domain.csproj"/>
    <Project Path="src/Modules/Staff/Application/Tailbook.Modules.Staff.Application.csproj"/>
    <Project Path="src/Modules/Staff/Infrastructure/Tailbook.Modules.Staff.Infrastructure.csproj"/>
    <Project Path="src/Modules/Staff/IntegrationEvents/Tailbook.Modules.Staff.IntegrationEvents.csproj"/>
    <Project Path="src/Modules/Staff/Api.Contracts/Tailbook.Modules.Staff.Api.Contracts.csproj"/>
    <Project Path="src/Modules/Staff/Api/Tailbook.Modules.Staff.Api.csproj"/>
    <Project Path="src/Modules/Notifications/Domain/Tailbook.Modules.Notifications.Domain.csproj"/>
    <Project Path="src/Modules/Notifications/Application/Tailbook.Modules.Notifications.Application.csproj"/>
    <Project Path="src/Modules/Notifications/Infrastructure/Tailbook.Modules.Notifications.Infrastructure.csproj"/>
    <Project Path="src/Modules/Notifications/IntegrationEvents/Tailbook.Modules.Notifications.IntegrationEvents.csproj"/>
    <Project Path="src/Modules/Notifications/Api.Contracts/Tailbook.Modules.Notifications.Api.Contracts.csproj"/>
    <Project Path="src/Modules/Notifications/Api/Tailbook.Modules.Notifications.Api.csproj"/>
    <Project Path="src/Modules/Audit/Domain/Tailbook.Modules.Audit.Domain.csproj"/>
    <Project Path="src/Modules/Audit/Application/Tailbook.Modules.Audit.Application.csproj"/>
    <Project Path="src/Modules/Audit/Infrastructure/Tailbook.Modules.Audit.Infrastructure.csproj"/>
    <Project Path="src/Modules/Audit/IntegrationEvents/Tailbook.Modules.Audit.IntegrationEvents.csproj"/>
    <Project Path="src/Modules/Audit/Api.Contracts/Tailbook.Modules.Audit.Api.Contracts.csproj"/>
    <Project Path="src/Modules/Audit/Api/Tailbook.Modules.Audit.Api.csproj"/>
    <Project Path="src/Modules/Reporting/Domain/Tailbook.Modules.Reporting.Domain.csproj"/>
    <Project Path="src/Modules/Reporting/Application/Tailbook.Modules.Reporting.Application.csproj"/>
    <Project Path="src/Modules/Reporting/Infrastructure/Tailbook.Modules.Reporting.Infrastructure.csproj"/>
    <Project Path="src/Modules/Reporting/IntegrationEvents/Tailbook.Modules.Reporting.IntegrationEvents.csproj"/>
    <Project Path="src/Modules/Reporting/Api.Contracts/Tailbook.Modules.Reporting.Api.Contracts.csproj"/>
    <Project Path="src/Modules/Reporting/Api/Tailbook.Modules.Reporting.Api.csproj"/>
  </Folder>
</Solution>
